{
  "nodes": {
    "home-manager": {
      "inputs": {
        "nixpkgs": [
          "nixos-home",
          "nixpkgs"
        ],
        "utils": "utils"
      },
      "locked": {
        "lastModified": 1672244468,
        "narHash": "sha256-xaZb8AZqoXRCSqPusCk4ouf+fUNP8UJdafmMTF1Ltlw=",
        "owner": "nix-community",
        "repo": "home-manager",
        "rev": "89a8ba0b5b43b3350ff2e3ef37b66736b2ef8706",
        "type": "github"
      },
      "original": {
        "owner": "nix-community",
        "ref": "release-22.11",
        "repo": "home-manager",
        "type": "github"
      }
    },
    "nixos-hardware": {
      "locked": {
        "lastModified": 1688798314,
        "narHash": "sha256-MFG5rx7L756rtrPHsL662m64AZ4sKqUcApaiYgSKfNM=",
        "owner": "NixOS",
        "repo": "nixos-hardware",
        "rev": "47dca15d86fdd2eabcf434d7cc0b5baa8d1a463c",
        "type": "github"
      },
      "original": {
        "owner": "NixOS",
        "ref": "master",
        "repo": "nixos-hardware",
        "type": "github"
      }
    },
    "nixos-home": {
      "inputs": {
        "home-manager": "home-manager",
        "nixpkgs": [
          "nixpkgs"
        ]
      },
      "locked": {
        "lastModified": 1672556486,
        "narHash": "sha256-cSdYUheT+ve2yG7lx7K1qMmGBQoPONvvD4T3p7BEyc8=",
        "owner": "forestschao",
        "repo": "nixos-home",
        "rev": "36463f1939b0f6a1032c4025f9267c4e100493d8",
        "type": "github"
      },
      "original": {
        "owner": "forestschao",
        "repo": "nixos-home",
        "type": "github"
      }
    },
    "nixpkgs": {
      "locked": {
        "lastModified": 1688392541,
        "narHash": "sha256-lHrKvEkCPTUO+7tPfjIcb7Trk6k31rz18vkyqmkeJfY=",
        "owner": "NixOS",
        "repo": "nixpkgs",
        "rev": "ea4c80b39be4c09702b0cb3b42eab59e2ba4f24b",
        "type": "github"
      },
      "original": {
        "owner": "NixOS",
        "ref": "nixos-22.11",
        "repo": "nixpkgs",
        "type": "github"
      }
    },
    "nixpkgs-unstable": {
      "locked": {
        "lastModified": 1669246348,
        "narHash": "sha256-I7oAGC1Ldm5kcryUQxLubMmMCj5o0n+JSLVGRCL0wm8=",
        "owner": "NixOS",
        "repo": "nixpkgs",
        "rev": "42aae6fa748a41ced37373fc6d914de512658178",
        "type": "github"
      },
      "original": {
        "owner": "NixOS",
        "repo": "nixpkgs",
        "rev": "42aae6fa748a41ced37373fc6d914de512658178",
        "type": "github"
      }
    },
    "nixpkgs2105": {
      "locked": {
        "lastModified": 1659914493,
        "narHash": "sha256-lkA5X3VNMKirvA+SUzvEhfA7XquWLci+CGi505YFAIs=",
        "owner": "NixOS",
        "repo": "nixpkgs",
        "rev": "022caabb5f2265ad4006c1fa5b1ebe69fb0c3faf",
        "type": "github"
      },
      "original": {
        "owner": "NixOS",
        "ref": "nixos-21.05",
        "repo": "nixpkgs",
        "type": "github"
      }
    },
    "root": {
      "inputs": {
        "nixos-hardware": "nixos-hardware",
        "nixos-home": "nixos-home",
        "nixpkgs": "nixpkgs",
        "nixpkgs-unstable": "nixpkgs-unstable",
        "nixpkgs2105": "nixpkgs2105",
        "vital-modules": "vital-modules",
        "www-breakds-org": "www-breakds-org"
      }
    },
    "utils": {
      "locked": {
        "lastModified": 1667395993,
        "narHash": "sha256-nuEHfE/LcWyuSWnS8t12N1wc105Qtau+/OdUAjtQ0rA=",
        "owner": "numtide",
        "repo": "flake-utils",
        "rev": "5aed5285a952e0b949eb3ba02c12fa4fcfef535f",
        "type": "github"
      },
      "original": {
        "owner": "numtide",
        "repo": "flake-utils",
        "type": "github"
      }
    },
    "utils_2": {
      "locked": {
        "lastModified": 1623875721,
        "narHash": "sha256-A8BU7bjS5GirpAUv4QA+QnJ4CceLHkcXdRp4xITDB0s=",
        "owner": "numtide",
        "repo": "flake-utils",
        "rev": "f7e004a55b120c02ecb6219596820fcd32ca8772",
        "type": "github"
      },
      "original": {
        "owner": "numtide",
        "repo": "flake-utils",
        "type": "github"
      }
    },
    "vital-modules": {
      "inputs": {
        "nixpkgs": [
          "nixpkgs"
        ]
      },
      "locked": {
        "lastModified": 1686246202,
        "narHash": "sha256-EuMBEz5fd0OtrBCsuT9bu5rKhSWGDrQRgdQSkReCMK0=",
        "owner": "nixvital",
        "repo": "vital-modules",
        "rev": "dff4c5234e5c4402a0db42ef15fcd00bc1f6ea0f",
        "type": "github"
      },
      "original": {
        "owner": "nixvital",
        "repo": "vital-modules",
        "type": "github"
      }
    },
    "www-breakds-org": {
      "inputs": {
        "nixpkgs": [
          "nixpkgs"
        ],
        "utils": "utils_2"
      },
      "locked": {
        "lastModified": 1681602556,
        "narHash": "sha256-qYj+pnVTBxXm7XgLTZ5gYsWtnh71kmeFDz91IjTY7Vo=",
        "owner": "breakds",
        "repo": "www.breakds.org",
        "rev": "a8a68f098e7fd8bec66327ae994b16cd7a1ca4a1",
        "type": "github"
      },
      "original": {
        "owner": "breakds",
        "repo": "www.breakds.org",
        "type": "github"
      }
    }
  },
  "root": "root",
  "version": 7
}
